
Microsoft Visual Studio Solution File, Format Version 12.00
# Visual Studio Version 17
VisualStudioVersion = 17.0.32014.148
MinimumVisualStudioVersion = 10.0.40219.1
Project("{FAE04EC0-301F-11D3-BF4B-00C04F79EFBC}") = "PokemonReviewApp", "PokemonReviewApp\PokemonReviewApp.csproj", "{91478E06-6418-415D-81D3-15124C88883C}"
EndProject
Global
	GlobalSection(SolutionConfigurationPlatforms) = preSolution
		Debug|Any CPU = Debug|Any CPU
		Release|Any CPU = Release|Any CPU
	EndGlobalSection
	GlobalSection(ProjectConfigurationPlatforms) = postSolution
		{91478E06-6418-415D-81D3-15124C88883C}.Debug|Any CPU.ActiveCfg = Debug|Any CPU
		{91478E06-6418-415D-81D3-15124C88883C}.Debug|Any CPU.Build.0 = Debug|Any CPU
		{91478E06-6418-415D-81D3-15124C88883C}.Release|Any CPU.ActiveCfg = Release|Any CPU
		{91478E06-6418-415D-81D3-15124C88883C}.Release|Any CPU.Build.0 = Release|Any CPU
	EndGlobalSection
	GlobalSection(SolutionProperties) = preSolution
		HideSolutionNode = FALSE
	EndGlobalSection
	GlobalSection(ExtensibilityGlobals) = postSolution
		SolutionGuid = {22E9DFA7-39FF-4633-8E66-5FF47A91C815}
	EndGlobalSection
EndGlobal
